// !$*UTF8*$!
{
	archiveVersion = 1;
	classes = {
	};
	objectVersion = 46;
	objects = {

/* Begin PBXBuildFile section */
		135039551CD795CF00FBCDA5 /* WYSuccessView.m in Sources */ = {isa = PBXBuildFile; fileRef = 135039541CD795CF00FBCDA5 /* WYSuccessView.m */; };
		135039581CD7990A00FBCDA5 /* WYFailView.m in Sources */ = {isa = PBXBuildFile; fileRef = 135039571CD7990A00FBCDA5 /* WYFailView.m */; };
		1360B2EB1CD09CCB00D83203 /* Assets.xcassets in Resources */ = {isa = PBXBuildFile; fileRef = 1360B2EA1CD09CCB00D83203 /* Assets.xcassets */; };
		1369BA481CD09B0E002A7E19 /* WYBaseViewController.m in Sources */ = {isa = PBXBuildFile; fileRef = 1369BA471CD09B0E002A7E19 /* WYBaseViewController.m */; };
		137DE0311CCF37E400E71160 /* AppDelegate.m in Sources */ = {isa = PBXBuildFile; fileRef = 137DE02F1CCF37E400E71160 /* AppDelegate.m */; };
		137DE0341CCF38CF00E71160 /* main.m in Sources */ = {isa = PBXBuildFile; fileRef = 137DE0331CCF38CF00E71160 /* main.m */; };
		137DE03A1CCF3F1700E71160 /* AppLaunchImage.png in Resources */ = {isa = PBXBuildFile; fileRef = 137DE0391CCF3F1700E71160 /* AppLaunchImage.png */; };
		137DE03D1CCF46A400E71160 /* WYHomeViewController.m in Sources */ = {isa = PBXBuildFile; fileRef = 137DE03C1CCF46A400E71160 /* WYHomeViewController.m */; };
		137DE0521CCF479400E71160 /* NSArray+WY.m in Sources */ = {isa = PBXBuildFile; fileRef = 137DE0411CCF479300E71160 /* NSArray+WY.m */; };
		137DE0531CCF479400E71160 /* NSString+WY.m in Sources */ = {isa = PBXBuildFile; fileRef = 137DE0431CCF479300E71160 /* NSString+WY.m */; };
		137DE0541CCF479400E71160 /* UIBarButtonItem+WY.m in Sources */ = {isa = PBXBuildFile; fileRef = 137DE0461CCF479300E71160 /* UIBarButtonItem+WY.m */; };
		137DE0551CCF479400E71160 /* UIColor+WY.m in Sources */ = {isa = PBXBuildFile; fileRef = 137DE0481CCF479300E71160 /* UIColor+WY.m */; };
		137DE0561CCF479400E71160 /* UIImage+WY.m in Sources */ = {isa = PBXBuildFile; fileRef = 137DE04A1CCF479300E71160 /* UIImage+WY.m */; };
		137DE0571CCF479400E71160 /* UIImageView+WY.m in Sources */ = {isa = PBXBuildFile; fileRef = 137DE04C1CCF479300E71160 /* UIImageView+WY.m */; };
		137DE0581CCF479400E71160 /* UITabBarItem+WY.m in Sources */ = {isa = PBXBuildFile; fileRef = 137DE04E1CCF479300E71160 /* UITabBarItem+WY.m */; };
		137DE0591CCF479400E71160 /* UIView+WY.m in Sources */ = {isa = PBXBuildFile; fileRef = 137DE0501CCF479400E71160 /* UIView+WY.m */; };
		137DE05C1CCF4B8100E71160 /* WYButtomBar.m in Sources */ = {isa = PBXBuildFile; fileRef = 137DE05B1CCF4B8100E71160 /* WYButtomBar.m */; };
		1384973F1CDDC84300B39ACC /* libsqlite3.0.tbd in Frameworks */ = {isa = PBXBuildFile; fileRef = 1384973E1CDDC84300B39ACC /* libsqlite3.0.tbd */; };
		13CD39B71CD9C97D0055370A /* WYTableHeadView.m in Sources */ = {isa = PBXBuildFile; fileRef = 13CD39B61CD9C97D0055370A /* WYTableHeadView.m */; };
		13D6E66F1CBB9C13003669E7 /* LaunchScreen.storyboard in Resources */ = {isa = PBXBuildFile; fileRef = 13D6E66D1CBB9C13003669E7 /* LaunchScreen.storyboard */; };
		13D6E67A1CBB9C14003669E7 /* WYpoetryTests.m in Sources */ = {isa = PBXBuildFile; fileRef = 13D6E6791CBB9C14003669E7 /* WYpoetryTests.m */; };
		13D6E6851CBB9C14003669E7 /* WYpoetryUITests.m in Sources */ = {isa = PBXBuildFile; fileRef = 13D6E6841CBB9C14003669E7 /* WYpoetryUITests.m */; };
		13D8B4D01CD6E94500DE1570 /* WYOptionButton.m in Sources */ = {isa = PBXBuildFile; fileRef = 13D8B4CF1CD6E94500DE1570 /* WYOptionButton.m */; };
		13D8B4D31CD72EA000DE1570 /* WYPoemHUD.m in Sources */ = {isa = PBXBuildFile; fileRef = 13D8B4D21CD72EA000DE1570 /* WYPoemHUD.m */; };
		13D8B4E61CD74A8D00DE1570 /* WYProgressView.m in Sources */ = {isa = PBXBuildFile; fileRef = 13D8B4E51CD74A8D00DE1570 /* WYProgressView.m */; };
		13DCB3761CDF8983008901AB /* NSObject+WYDatabase.m in Sources */ = {isa = PBXBuildFile; fileRef = 13DCB3731CDF8983008901AB /* NSObject+WYDatabase.m */; };
		13DCB3771CDF8983008901AB /* WYDatabase.m in Sources */ = {isa = PBXBuildFile; fileRef = 13DCB3751CDF8983008901AB /* WYDatabase.m */; };
		13DCCA7D1CD5E09D00BF21F9 /* WYConstValue.m in Sources */ = {isa = PBXBuildFile; fileRef = 13DCCA7C1CD5E09D00BF21F9 /* WYConstValue.m */; };
		13DE36011CD0FD35000103E5 /* WYSettingTableViewController.m in Sources */ = {isa = PBXBuildFile; fileRef = 13DE36001CD0FD35000103E5 /* WYSettingTableViewController.m */; };
		13DE36041CD0FEA8000103E5 /* WYBaseNavViewController.m in Sources */ = {isa = PBXBuildFile; fileRef = 13DE36031CD0FEA8000103E5 /* WYBaseNavViewController.m */; };
		13DE36071CD10AEA000103E5 /* WYMineTableViewController.m in Sources */ = {isa = PBXBuildFile; fileRef = 13DE36061CD10AEA000103E5 /* WYMineTableViewController.m */; };
		13E5F80E1CD3A7A000BDB4F9 /* WYPoetrySentenceCell.m in Sources */ = {isa = PBXBuildFile; fileRef = 13E5F80D1CD3A7A000BDB4F9 /* WYPoetrySentenceCell.m */; };
		13E5F8111CD3B39400BDB4F9 /* WYPoetryModel.m in Sources */ = {isa = PBXBuildFile; fileRef = 13E5F8101CD3B39400BDB4F9 /* WYPoetryModel.m */; };
/* End PBXBuildFile section */

/* Begin PBXContainerItemProxy section */
		13D6E6761CBB9C14003669E7 /* PBXContainerItemProxy */ = {
			isa = PBXContainerItemProxy;
			containerPortal = 13D6E6541CBB9C13003669E7 /* Project object */;
			proxyType = 1;
			remoteGlobalIDString = 13D6E65B1CBB9C13003669E7;
			remoteInfo = WYpoetry;
		};
		13D6E6811CBB9C14003669E7 /* PBXContainerItemProxy */ = {
			isa = PBXContainerItemProxy;
			containerPortal = 13D6E6541CBB9C13003669E7 /* Project object */;
			proxyType = 1;
			remoteGlobalIDString = 13D6E65B1CBB9C13003669E7;
			remoteInfo = WYpoetry;
		};
/* End PBXContainerItemProxy section */

/* Begin PBXFileReference section */
		135039531CD795CF00FBCDA5 /* WYSuccessView.h */ = {isa = PBXFileReference; fileEncoding = 4; lastKnownFileType = sourcecode.c.h; name = WYSuccessView.h; path = ../WYSuccessView.h; sourceTree = "<group>"; };
		135039541CD795CF00FBCDA5 /* WYSuccessView.m */ = {isa = PBXFileReference; fileEncoding = 4; lastKnownFileType = sourcecode.c.objc; name = WYSuccessView.m; path = ../WYSuccessView.m; sourceTree = "<group>"; };
		135039561CD7990A00FBCDA5 /* WYFailView.h */ = {isa = PBXFileReference; fileEncoding = 4; lastKnownFileType = sourcecode.c.h; name = WYFailView.h; path = ../WYFailView.h; sourceTree = "<group>"; };
		135039571CD7990A00FBCDA5 /* WYFailView.m */ = {isa = PBXFileReference; fileEncoding = 4; lastKnownFileType = sourcecode.c.objc; name = WYFailView.m; path = ../WYFailView.m; sourceTree = "<group>"; };
		1360B2EA1CD09CCB00D83203 /* Assets.xcassets */ = {isa = PBXFileReference; lastKnownFileType = folder.assetcatalog; path = Assets.xcassets; sourceTree = "<group>"; };
		1369BA461CD09B0E002A7E19 /* WYBaseViewController.h */ = {isa = PBXFileReference; fileEncoding = 4; lastKnownFileType = sourcecode.c.h; path = WYBaseViewController.h; sourceTree = "<group>"; };
		1369BA471CD09B0E002A7E19 /* WYBaseViewController.m */ = {isa = PBXFileReference; fileEncoding = 4; lastKnownFileType = sourcecode.c.objc; path = WYBaseViewController.m; sourceTree = "<group>"; };
		137DE02E1CCF37E400E71160 /* AppDelegate.h */ = {isa = PBXFileReference; fileEncoding = 4; lastKnownFileType = sourcecode.c.h; name = AppDelegate.h; path = ../../AppDelegate.h; sourceTree = "<group>"; };
		137DE02F1CCF37E400E71160 /* AppDelegate.m */ = {isa = PBXFileReference; fileEncoding = 4; lastKnownFileType = sourcecode.c.objc; name = AppDelegate.m; path = ../../AppDelegate.m; sourceTree = "<group>"; };
		137DE0331CCF38CF00E71160 /* main.m */ = {isa = PBXFileReference; fileEncoding = 4; lastKnownFileType = sourcecode.c.objc; path = main.m; sourceTree = "<group>"; };
		137DE0391CCF3F1700E71160 /* AppLaunchImage.png */ = {isa = PBXFileReference; lastKnownFileType = image.png; path = AppLaunchImage.png; sourceTree = "<group>"; };
		137DE03B1CCF46A400E71160 /* WYHomeViewController.h */ = {isa = PBXFileReference; fileEncoding = 4; lastKnownFileType = sourcecode.c.h; path = WYHomeViewController.h; sourceTree = "<group>"; };
		137DE03C1CCF46A400E71160 /* WYHomeViewController.m */ = {isa = PBXFileReference; fileEncoding = 4; lastKnownFileType = sourcecode.c.objc; path = WYHomeViewController.m; sourceTree = "<group>"; };
		137DE0401CCF479300E71160 /* NSArray+WY.h */ = {isa = PBXFileReference; fileEncoding = 4; lastKnownFileType = sourcecode.c.h; path = "NSArray+WY.h"; sourceTree = "<group>"; };
		137DE0411CCF479300E71160 /* NSArray+WY.m */ = {isa = PBXFileReference; fileEncoding = 4; lastKnownFileType = sourcecode.c.objc; path = "NSArray+WY.m"; sourceTree = "<group>"; };
		137DE0421CCF479300E71160 /* NSString+WY.h */ = {isa = PBXFileReference; fileEncoding = 4; lastKnownFileType = sourcecode.c.h; path = "NSString+WY.h"; sourceTree = "<group>"; };
		137DE0431CCF479300E71160 /* NSString+WY.m */ = {isa = PBXFileReference; fileEncoding = 4; lastKnownFileType = sourcecode.c.objc; path = "NSString+WY.m"; sourceTree = "<group>"; };
		137DE0441CCF479300E71160 /* PrefixHeader.pch */ = {isa = PBXFileReference; fileEncoding = 4; lastKnownFileType = sourcecode.c.h; name = PrefixHeader.pch; path = Classes/Lib/Extension/PrefixHeader.pch; sourceTree = "<group>"; };
		137DE0451CCF479300E71160 /* UIBarButtonItem+WY.h */ = {isa = PBXFileReference; fileEncoding = 4; lastKnownFileType = sourcecode.c.h; path = "UIBarButtonItem+WY.h"; sourceTree = "<group>"; };
		137DE0461CCF479300E71160 /* UIBarButtonItem+WY.m */ = {isa = PBXFileReference; fileEncoding = 4; lastKnownFileType = sourcecode.c.objc; path = "UIBarButtonItem+WY.m"; sourceTree = "<group>"; };
		137DE0471CCF479300E71160 /* UIColor+WY.h */ = {isa = PBXFileReference; fileEncoding = 4; lastKnownFileType = sourcecode.c.h; path = "UIColor+WY.h"; sourceTree = "<group>"; };
		137DE0481CCF479300E71160 /* UIColor+WY.m */ = {isa = PBXFileReference; fileEncoding = 4; lastKnownFileType = sourcecode.c.objc; path = "UIColor+WY.m"; sourceTree = "<group>"; };
		137DE0491CCF479300E71160 /* UIImage+WY.h */ = {isa = PBXFileReference; fileEncoding = 4; lastKnownFileType = sourcecode.c.h; path = "UIImage+WY.h"; sourceTree = "<group>"; };
		137DE04A1CCF479300E71160 /* UIImage+WY.m */ = {isa = PBXFileReference; fileEncoding = 4; lastKnownFileType = sourcecode.c.objc; path = "UIImage+WY.m"; sourceTree = "<group>"; };
		137DE04B1CCF479300E71160 /* UIImageView+WY.h */ = {isa = PBXFileReference; fileEncoding = 4; lastKnownFileType = sourcecode.c.h; path = "UIImageView+WY.h"; sourceTree = "<group>"; };
		137DE04C1CCF479300E71160 /* UIImageView+WY.m */ = {isa = PBXFileReference; fileEncoding = 4; lastKnownFileType = sourcecode.c.objc; path = "UIImageView+WY.m"; sourceTree = "<group>"; };
		137DE04D1CCF479300E71160 /* UITabBarItem+WY.h */ = {isa = PBXFileReference; fileEncoding = 4; lastKnownFileType = sourcecode.c.h; path = "UITabBarItem+WY.h"; sourceTree = "<group>"; };
		137DE04E1CCF479300E71160 /* UITabBarItem+WY.m */ = {isa = PBXFileReference; fileEncoding = 4; lastKnownFileType = sourcecode.c.objc; path = "UITabBarItem+WY.m"; sourceTree = "<group>"; };
		137DE04F1CCF479400E71160 /* UIView+WY.h */ = {isa = PBXFileReference; fileEncoding = 4; lastKnownFileType = sourcecode.c.h; path = "UIView+WY.h"; sourceTree = "<group>"; };
		137DE0501CCF479400E71160 /* UIView+WY.m */ = {isa = PBXFileReference; fileEncoding = 4; lastKnownFileType = sourcecode.c.objc; path = "UIView+WY.m"; sourceTree = "<group>"; };
		137DE0511CCF479400E71160 /* WYExtension.h */ = {isa = PBXFileReference; fileEncoding = 4; lastKnownFileType = sourcecode.c.h; path = WYExtension.h; sourceTree = "<group>"; };
		137DE05A1CCF4B8100E71160 /* WYButtomBar.h */ = {isa = PBXFileReference; fileEncoding = 4; lastKnownFileType = sourcecode.c.h; path = WYButtomBar.h; sourceTree = "<group>"; };
		137DE05B1CCF4B8100E71160 /* WYButtomBar.m */ = {isa = PBXFileReference; fileEncoding = 4; lastKnownFileType = sourcecode.c.objc; path = WYButtomBar.m; sourceTree = "<group>"; };
		1384973E1CDDC84300B39ACC /* libsqlite3.0.tbd */ = {isa = PBXFileReference; lastKnownFileType = "sourcecode.text-based-dylib-definition"; name = libsqlite3.0.tbd; path = usr/lib/libsqlite3.0.tbd; sourceTree = SDKROOT; };
		13CD39B51CD9C97D0055370A /* WYTableHeadView.h */ = {isa = PBXFileReference; fileEncoding = 4; lastKnownFileType = sourcecode.c.h; path = WYTableHeadView.h; sourceTree = "<group>"; };
		13CD39B61CD9C97D0055370A /* WYTableHeadView.m */ = {isa = PBXFileReference; fileEncoding = 4; lastKnownFileType = sourcecode.c.objc; path = WYTableHeadView.m; sourceTree = "<group>"; };
		13D6E65C1CBB9C13003669E7 /* WYpoetry.app */ = {isa = PBXFileReference; explicitFileType = wrapper.application; includeInIndex = 0; path = WYpoetry.app; sourceTree = BUILT_PRODUCTS_DIR; };
		13D6E66E1CBB9C13003669E7 /* Base */ = {isa = PBXFileReference; lastKnownFileType = file.storyboard; name = Base; path = Base.lproj/LaunchScreen.storyboard; sourceTree = "<group>"; };
		13D6E6701CBB9C13003669E7 /* Info.plist */ = {isa = PBXFileReference; lastKnownFileType = text.plist.xml; path = Info.plist; sourceTree = "<group>"; };
		13D6E6751CBB9C14003669E7 /* WYpoetryTests.xctest */ = {isa = PBXFileReference; explicitFileType = wrapper.cfbundle; includeInIndex = 0; path = WYpoetryTests.xctest; sourceTree = BUILT_PRODUCTS_DIR; };
		13D6E6791CBB9C14003669E7 /* WYpoetryTests.m */ = {isa = PBXFileReference; lastKnownFileType = sourcecode.c.objc; path = WYpoetryTests.m; sourceTree = "<group>"; };
		13D6E67B1CBB9C14003669E7 /* Info.plist */ = {isa = PBXFileReference; lastKnownFileType = text.plist.xml; path = Info.plist; sourceTree = "<group>"; };
		13D6E6801CBB9C14003669E7 /* WYpoetryUITests.xctest */ = {isa = PBXFileReference; explicitFileType = wrapper.cfbundle; includeInIndex = 0; path = WYpoetryUITests.xctest; sourceTree = BUILT_PRODUCTS_DIR; };
		13D6E6841CBB9C14003669E7 /* WYpoetryUITests.m */ = {isa = PBXFileReference; lastKnownFileType = sourcecode.c.objc; path = WYpoetryUITests.m; sourceTree = "<group>"; };
		13D6E6861CBB9C14003669E7 /* Info.plist */ = {isa = PBXFileReference; lastKnownFileType = text.plist.xml; path = Info.plist; sourceTree = "<group>"; };
		13D8B4CE1CD6E94500DE1570 /* WYOptionButton.h */ = {isa = PBXFileReference; fileEncoding = 4; lastKnownFileType = sourcecode.c.h; path = WYOptionButton.h; sourceTree = "<group>"; };
		13D8B4CF1CD6E94500DE1570 /* WYOptionButton.m */ = {isa = PBXFileReference; fileEncoding = 4; lastKnownFileType = sourcecode.c.objc; path = WYOptionButton.m; sourceTree = "<group>"; };
		13D8B4D11CD72EA000DE1570 /* WYPoemHUD.h */ = {isa = PBXFileReference; fileEncoding = 4; lastKnownFileType = sourcecode.c.h; name = WYPoemHUD.h; path = ../WYPoemHUD.h; sourceTree = "<group>"; };
		13D8B4D21CD72EA000DE1570 /* WYPoemHUD.m */ = {isa = PBXFileReference; fileEncoding = 4; lastKnownFileType = sourcecode.c.objc; name = WYPoemHUD.m; path = ../WYPoemHUD.m; sourceTree = "<group>"; };
		13D8B4E41CD74A8D00DE1570 /* WYProgressView.h */ = {isa = PBXFileReference; fileEncoding = 4; lastKnownFileType = sourcecode.c.h; name = WYProgressView.h; path = ../WYProgressView.h; sourceTree = "<group>"; };
		13D8B4E51CD74A8D00DE1570 /* WYProgressView.m */ = {isa = PBXFileReference; fileEncoding = 4; lastKnownFileType = sourcecode.c.objc; name = WYProgressView.m; path = ../WYProgressView.m; sourceTree = "<group>"; };
		13DCB3721CDF8983008901AB /* NSObject+WYDatabase.h */ = {isa = PBXFileReference; fileEncoding = 4; lastKnownFileType = sourcecode.c.h; path = "NSObject+WYDatabase.h"; sourceTree = "<group>"; };
		13DCB3731CDF8983008901AB /* NSObject+WYDatabase.m */ = {isa = PBXFileReference; fileEncoding = 4; lastKnownFileType = sourcecode.c.objc; path = "NSObject+WYDatabase.m"; sourceTree = "<group>"; };
		13DCB3741CDF8983008901AB /* WYDatabase.h */ = {isa = PBXFileReference; fileEncoding = 4; lastKnownFileType = sourcecode.c.h; path = WYDatabase.h; sourceTree = "<group>"; };
		13DCB3751CDF8983008901AB /* WYDatabase.m */ = {isa = PBXFileReference; fileEncoding = 4; lastKnownFileType = sourcecode.c.objc; path = WYDatabase.m; sourceTree = "<group>"; };
		13DCCA7B1CD5E09D00BF21F9 /* WYConstValue.h */ = {isa = PBXFileReference; fileEncoding = 4; lastKnownFileType = sourcecode.c.h; path = WYConstValue.h; sourceTree = "<group>"; };
		13DCCA7C1CD5E09D00BF21F9 /* WYConstValue.m */ = {isa = PBXFileReference; fileEncoding = 4; lastKnownFileType = sourcecode.c.objc; path = WYConstValue.m; sourceTree = "<group>"; };
		13DE35FF1CD0FD35000103E5 /* WYSettingTableViewController.h */ = {isa = PBXFileReference; fileEncoding = 4; lastKnownFileType = sourcecode.c.h; path = WYSettingTableViewController.h; sourceTree = "<group>"; };
		13DE36001CD0FD35000103E5 /* WYSettingTableViewController.m */ = {isa = PBXFileReference; fileEncoding = 4; lastKnownFileType = sourcecode.c.objc; path = WYSettingTableViewController.m; sourceTree = "<group>"; };
		13DE36021CD0FEA8000103E5 /* WYBaseNavViewController.h */ = {isa = PBXFileReference; fileEncoding = 4; lastKnownFileType = sourcecode.c.h; path = WYBaseNavViewController.h; sourceTree = "<group>"; };
		13DE36031CD0FEA8000103E5 /* WYBaseNavViewController.m */ = {isa = PBXFileReference; fileEncoding = 4; lastKnownFileType = sourcecode.c.objc; path = WYBaseNavViewController.m; sourceTree = "<group>"; };
		13DE36051CD10AEA000103E5 /* WYMineTableViewController.h */ = {isa = PBXFileReference; fileEncoding = 4; lastKnownFileType = sourcecode.c.h; path = WYMineTableViewController.h; sourceTree = "<group>"; };
		13DE36061CD10AEA000103E5 /* WYMineTableViewController.m */ = {isa = PBXFileReference; fileEncoding = 4; lastKnownFileType = sourcecode.c.objc; path = WYMineTableViewController.m; sourceTree = "<group>"; };
		13E5F80C1CD3A7A000BDB4F9 /* WYPoetrySentenceCell.h */ = {isa = PBXFileReference; fileEncoding = 4; lastKnownFileType = sourcecode.c.h; path = WYPoetrySentenceCell.h; sourceTree = "<group>"; };
		13E5F80D1CD3A7A000BDB4F9 /* WYPoetrySentenceCell.m */ = {isa = PBXFileReference; fileEncoding = 4; lastKnownFileType = sourcecode.c.objc; path = WYPoetrySentenceCell.m; sourceTree = "<group>"; };
		13E5F80F1CD3B39400BDB4F9 /* WYPoetryModel.h */ = {isa = PBXFileReference; fileEncoding = 4; lastKnownFileType = sourcecode.c.h; path = WYPoetryModel.h; sourceTree = "<group>"; };
		13E5F8101CD3B39400BDB4F9 /* WYPoetryModel.m */ = {isa = PBXFileReference; fileEncoding = 4; lastKnownFileType = sourcecode.c.objc; path = WYPoetryModel.m; sourceTree = "<group>"; };
/* End PBXFileReference section */

/* Begin PBXFrameworksBuildPhase section */
		13D6E6591CBB9C13003669E7 /* Frameworks */ = {
			isa = PBXFrameworksBuildPhase;
			buildActionMask = 2147483647;
			files = (
				1384973F1CDDC84300B39ACC /* libsqlite3.0.tbd in Frameworks */,
			);
			runOnlyForDeploymentPostprocessing = 0;
		};
		13D6E6721CBB9C14003669E7 /* Frameworks */ = {
			isa = PBXFrameworksBuildPhase;
			buildActionMask = 2147483647;
			files = (
			);
			runOnlyForDeploymentPostprocessing = 0;
		};
		13D6E67D1CBB9C14003669E7 /* Frameworks */ = {
			isa = PBXFrameworksBuildPhase;
			buildActionMask = 2147483647;
			files = (
			);
			runOnlyForDeploymentPostprocessing = 0;
		};
/* End PBXFrameworksBuildPhase section */

/* Begin PBXGroup section */
		1369BA421CD09ADD002A7E19 /* Base[基类] */ = {
			isa = PBXGroup;
			children = (
				1369BA431CD09ADD002A7E19 /* Controller */,
				1369BA441CD09ADD002A7E19 /* Model */,
				1369BA451CD09ADD002A7E19 /* View */,
			);
			name = "Base[基类]";
			path = Base;
			sourceTree = "<group>";
		};
		1369BA431CD09ADD002A7E19 /* Controller */ = {
			isa = PBXGroup;
			children = (
				1369BA461CD09B0E002A7E19 /* WYBaseViewController.h */,
				1369BA471CD09B0E002A7E19 /* WYBaseViewController.m */,
				13DE36021CD0FEA8000103E5 /* WYBaseNavViewController.h */,
				13DE36031CD0FEA8000103E5 /* WYBaseNavViewController.m */,
			);
			path = Controller;
			sourceTree = "<group>";
		};
		1369BA441CD09ADD002A7E19 /* Model */ = {
			isa = PBXGroup;
			children = (
			);
			path = Model;
			sourceTree = "<group>";
		};
		1369BA451CD09ADD002A7E19 /* View */ = {
			isa = PBXGroup;
			children = (
			);
			path = View;
			sourceTree = "<group>";
		};
		137DE0171CCF355C00E71160 /* Classes */ = {
			isa = PBXGroup;
			children = (
				138497341CDDC13D00B39ACC /* DataBase[数据库] */,
				1369BA421CD09ADD002A7E19 /* Base[基类] */,
				137DE01C1CCF355C00E71160 /* Home[主页面] */,
				137DE0181CCF355C00E71160 /* Edit[编辑页面] */,
				137DE0201CCF355C00E71160 /* Mine[我的] */,
				137DE0281CCF355C00E71160 /* Setting[设置] */,
				137DE0241CCF355C00E71160 /* Other[其他] */,
				137DE03E1CCF479300E71160 /* Lib */,
			);
			path = Classes;
			sourceTree = "<group>";
		};
		137DE0181CCF355C00E71160 /* Edit[编辑页面] */ = {
			isa = PBXGroup;
			children = (
				137DE0191CCF355C00E71160 /* Controller */,
				137DE01A1CCF355C00E71160 /* Model */,
				137DE01B1CCF355C00E71160 /* View */,
			);
			name = "Edit[编辑页面]";
			path = Edit;
			sourceTree = "<group>";
		};
		137DE0191CCF355C00E71160 /* Controller */ = {
			isa = PBXGroup;
			children = (
			);
			path = Controller;
			sourceTree = "<group>";
		};
		137DE01A1CCF355C00E71160 /* Model */ = {
			isa = PBXGroup;
			children = (
			);
			path = Model;
			sourceTree = "<group>";
		};
		137DE01B1CCF355C00E71160 /* View */ = {
			isa = PBXGroup;
			children = (
			);
			path = View;
			sourceTree = "<group>";
		};
		137DE01C1CCF355C00E71160 /* Home[主页面] */ = {
			isa = PBXGroup;
			children = (
				137DE01D1CCF355C00E71160 /* Controller */,
				137DE01E1CCF355C00E71160 /* Model */,
				137DE01F1CCF355C00E71160 /* View */,
			);
			name = "Home[主页面]";
			path = Home;
			sourceTree = "<group>";
		};
		137DE01D1CCF355C00E71160 /* Controller */ = {
			isa = PBXGroup;
			children = (
				137DE03B1CCF46A400E71160 /* WYHomeViewController.h */,
				137DE03C1CCF46A400E71160 /* WYHomeViewController.m */,
			);
			path = Controller;
			sourceTree = "<group>";
		};
		137DE01E1CCF355C00E71160 /* Model */ = {
			isa = PBXGroup;
			children = (
				13E5F80F1CD3B39400BDB4F9 /* WYPoetryModel.h */,
				13E5F8101CD3B39400BDB4F9 /* WYPoetryModel.m */,
			);
			path = Model;
			sourceTree = "<group>";
		};
		137DE01F1CCF355C00E71160 /* View */ = {
			isa = PBXGroup;
			children = (
				137DE05A1CCF4B8100E71160 /* WYButtomBar.h */,
				137DE05B1CCF4B8100E71160 /* WYButtomBar.m */,
				13E5F80C1CD3A7A000BDB4F9 /* WYPoetrySentenceCell.h */,
				13E5F80D1CD3A7A000BDB4F9 /* WYPoetrySentenceCell.m */,
				13D8B4CE1CD6E94500DE1570 /* WYOptionButton.h */,
				13D8B4CF1CD6E94500DE1570 /* WYOptionButton.m */,
				13CD39B51CD9C97D0055370A /* WYTableHeadView.h */,
				13CD39B61CD9C97D0055370A /* WYTableHeadView.m */,
			);
			path = View;
			sourceTree = "<group>";
		};
		137DE0201CCF355C00E71160 /* Mine[我的] */ = {
			isa = PBXGroup;
			children = (
				137DE0211CCF355C00E71160 /* Controller */,
				137DE0221CCF355C00E71160 /* Model */,
				137DE0231CCF355C00E71160 /* View */,
			);
			name = "Mine[我的]";
			path = Mine;
			sourceTree = "<group>";
		};
		137DE0211CCF355C00E71160 /* Controller */ = {
			isa = PBXGroup;
			children = (
				13DE36051CD10AEA000103E5 /* WYMineTableViewController.h */,
				13DE36061CD10AEA000103E5 /* WYMineTableViewController.m */,
			);
			path = Controller;
			sourceTree = "<group>";
		};
		137DE0221CCF355C00E71160 /* Model */ = {
			isa = PBXGroup;
			children = (
			);
			path = Model;
			sourceTree = "<group>";
		};
		137DE0231CCF355C00E71160 /* View */ = {
			isa = PBXGroup;
			children = (
			);
			path = View;
			sourceTree = "<group>";
		};
		137DE0241CCF355C00E71160 /* Other[其他] */ = {
			isa = PBXGroup;
			children = (
				137DE0331CCF38CF00E71160 /* main.m */,
				137DE02E1CCF37E400E71160 /* AppDelegate.h */,
				137DE02F1CCF37E400E71160 /* AppDelegate.m */,
				13DCCA7B1CD5E09D00BF21F9 /* WYConstValue.h */,
				13DCCA7C1CD5E09D00BF21F9 /* WYConstValue.m */,
			);
			name = "Other[其他]";
			path = Other;
			sourceTree = "<group>";
		};
		137DE0281CCF355C00E71160 /* Setting[设置] */ = {
			isa = PBXGroup;
			children = (
				137DE0291CCF355C00E71160 /* Controller */,
				137DE02A1CCF355C00E71160 /* Model */,
				137DE02B1CCF355C00E71160 /* View */,
			);
			name = "Setting[设置]";
			path = Setting;
			sourceTree = "<group>";
		};
		137DE0291CCF355C00E71160 /* Controller */ = {
			isa = PBXGroup;
			children = (
				13DE35FF1CD0FD35000103E5 /* WYSettingTableViewController.h */,
				13DE36001CD0FD35000103E5 /* WYSettingTableViewController.m */,
			);
			path = Controller;
			sourceTree = "<group>";
		};
		137DE02A1CCF355C00E71160 /* Model */ = {
			isa = PBXGroup;
			children = (
			);
			path = Model;
			sourceTree = "<group>";
		};
		137DE02B1CCF355C00E71160 /* View */ = {
			isa = PBXGroup;
			children = (
			);
			path = View;
			sourceTree = "<group>";
		};
		137DE03E1CCF479300E71160 /* Lib */ = {
			isa = PBXGroup;
			children = (
				13D8B4DD1CD73AA000DE1570 /* hud */,
				137DE03F1CCF479300E71160 /* Extension */,
			);
			path = Lib;
			sourceTree = "<group>";
		};
		137DE03F1CCF479300E71160 /* Extension */ = {
			isa = PBXGroup;
			children = (
				137DE0401CCF479300E71160 /* NSArray+WY.h */,
				137DE0411CCF479300E71160 /* NSArray+WY.m */,
				137DE0421CCF479300E71160 /* NSString+WY.h */,
				137DE0431CCF479300E71160 /* NSString+WY.m */,
				137DE0451CCF479300E71160 /* UIBarButtonItem+WY.h */,
				137DE0461CCF479300E71160 /* UIBarButtonItem+WY.m */,
				137DE0471CCF479300E71160 /* UIColor+WY.h */,
				137DE0481CCF479300E71160 /* UIColor+WY.m */,
				137DE0491CCF479300E71160 /* UIImage+WY.h */,
				137DE04A1CCF479300E71160 /* UIImage+WY.m */,
				137DE04B1CCF479300E71160 /* UIImageView+WY.h */,
				137DE04C1CCF479300E71160 /* UIImageView+WY.m */,
				137DE04D1CCF479300E71160 /* UITabBarItem+WY.h */,
				137DE04E1CCF479300E71160 /* UITabBarItem+WY.m */,
				137DE04F1CCF479400E71160 /* UIView+WY.h */,
				137DE0501CCF479400E71160 /* UIView+WY.m */,
				137DE0511CCF479400E71160 /* WYExtension.h */,
			);
			path = Extension;
			sourceTree = "<group>";
		};
		138497341CDDC13D00B39ACC /* DataBase[数据库] */ = {
			isa = PBXGroup;
			children = (
				13DCB3721CDF8983008901AB /* NSObject+WYDatabase.h */,
				13DCB3731CDF8983008901AB /* NSObject+WYDatabase.m */,
				13DCB3741CDF8983008901AB /* WYDatabase.h */,
				13DCB3751CDF8983008901AB /* WYDatabase.m */,
			);
			name = "DataBase[数据库]";
			path = DataBase;
			sourceTree = "<group>";
		};
		13D6E6531CBB9C13003669E7 = {
			isa = PBXGroup;
			children = (
				1384973E1CDDC84300B39ACC /* libsqlite3.0.tbd */,
				13D6E65E1CBB9C13003669E7 /* WYpoetry */,
				13D6E6781CBB9C14003669E7 /* WYpoetryTests */,
				13D6E6831CBB9C14003669E7 /* WYpoetryUITests */,
				13D6E65D1CBB9C13003669E7 /* Products */,
			);
			sourceTree = "<group>";
		};
		13D6E65D1CBB9C13003669E7 /* Products */ = {
			isa = PBXGroup;
			children = (
				13D6E65C1CBB9C13003669E7 /* WYpoetry.app */,
				13D6E6751CBB9C14003669E7 /* WYpoetryTests.xctest */,
				13D6E6801CBB9C14003669E7 /* WYpoetryUITests.xctest */,
			);
			name = Products;
			sourceTree = "<group>";
		};
		13D6E65E1CBB9C13003669E7 /* WYpoetry */ = {
			isa = PBXGroup;
			children = (
				137DE0171CCF355C00E71160 /* Classes */,
				13D6E65F1CBB9C13003669E7 /* Supporting Files */,
			);
			path = WYpoetry;
			sourceTree = "<group>";
		};
		13D6E65F1CBB9C13003669E7 /* Supporting Files */ = {
			isa = PBXGroup;
			children = (
				1360B2EA1CD09CCB00D83203 /* Assets.xcassets */,
				13D6E66D1CBB9C13003669E7 /* LaunchScreen.storyboard */,
				137DE0391CCF3F1700E71160 /* AppLaunchImage.png */,
				13D6E6701CBB9C13003669E7 /* Info.plist */,
				137DE0441CCF479300E71160 /* PrefixHeader.pch */,
			);
			name = "Supporting Files";
			sourceTree = "<group>";
		};
		13D6E6781CBB9C14003669E7 /* WYpoetryTests */ = {
			isa = PBXGroup;
			children = (
				13D6E6791CBB9C14003669E7 /* WYpoetryTests.m */,
				13D6E67B1CBB9C14003669E7 /* Info.plist */,
			);
			path = WYpoetryTests;
			sourceTree = "<group>";
		};
		13D6E6831CBB9C14003669E7 /* WYpoetryUITests */ = {
			isa = PBXGroup;
			children = (
				13D6E6841CBB9C14003669E7 /* WYpoetryUITests.m */,
				13D6E6861CBB9C14003669E7 /* Info.plist */,
			);
			path = WYpoetryUITests;
			sourceTree = "<group>";
		};
		13D8B4DD1CD73AA000DE1570 /* hud */ = {
			isa = PBXGroup;
			children = (
				13D8B4D11CD72EA000DE1570 /* WYPoemHUD.h */,
				13D8B4D21CD72EA000DE1570 /* WYPoemHUD.m */,
				13D8B4E41CD74A8D00DE1570 /* WYProgressView.h */,
				13D8B4E51CD74A8D00DE1570 /* WYProgressView.m */,
				135039531CD795CF00FBCDA5 /* WYSuccessView.h */,
				135039541CD795CF00FBCDA5 /* WYSuccessView.m */,
				135039561CD7990A00FBCDA5 /* WYFailView.h */,
				135039571CD7990A00FBCDA5 /* WYFailView.m */,
			);
			path = hud;
			sourceTree = "<group>";
		};
/* End PBXGroup section */

/* Begin PBXNativeTarget section */
		13D6E65B1CBB9C13003669E7 /* WYpoetry */ = {
			isa = PBXNativeTarget;
			buildConfigurationList = 13D6E6891CBB9C14003669E7 /* Build configuration list for PBXNativeTarget "WYpoetry" */;
			buildPhases = (
				13D6E6581CBB9C13003669E7 /* Sources */,
				13D6E6591CBB9C13003669E7 /* Frameworks */,
				13D6E65A1CBB9C13003669E7 /* Resources */,
			);
			buildRules = (
			);
			dependencies = (
			);
			name = WYpoetry;
			productName = WYpoetry;
			productReference = 13D6E65C1CBB9C13003669E7 /* WYpoetry.app */;
			productType = "com.apple.product-type.application";
		};
		13D6E6741CBB9C14003669E7 /* WYpoetryTests */ = {
			isa = PBXNativeTarget;
			buildConfigurationList = 13D6E68C1CBB9C14003669E7 /* Build configuration list for PBXNativeTarget "WYpoetryTests" */;
			buildPhases = (
				13D6E6711CBB9C14003669E7 /* Sources */,
				13D6E6721CBB9C14003669E7 /* Frameworks */,
				13D6E6731CBB9C14003669E7 /* Resources */,
			);
			buildRules = (
			);
			dependencies = (
				13D6E6771CBB9C14003669E7 /* PBXTargetDependency */,
			);
			name = WYpoetryTests;
			productName = WYpoetryTests;
			productReference = 13D6E6751CBB9C14003669E7 /* WYpoetryTests.xctest */;
			productType = "com.apple.product-type.bundle.unit-test";
		};
		13D6E67F1CBB9C14003669E7 /* WYpoetryUITests */ = {
			isa = PBXNativeTarget;
			buildConfigurationList = 13D6E68F1CBB9C14003669E7 /* Build configuration list for PBXNativeTarget "WYpoetryUITests" */;
			buildPhases = (
				13D6E67C1CBB9C14003669E7 /* Sources */,
				13D6E67D1CBB9C14003669E7 /* Frameworks */,
				13D6E67E1CBB9C14003669E7 /* Resources */,
			);
			buildRules = (
			);
			dependencies = (
				13D6E6821CBB9C14003669E7 /* PBXTargetDependency */,
			);
			name = WYpoetryUITests;
			productName = WYpoetryUITests;
			productReference = 13D6E6801CBB9C14003669E7 /* WYpoetryUITests.xctest */;
			productType = "com.apple.product-type.bundle.ui-testing";
		};
/* End PBXNativeTarget section */

/* Begin PBXProject section */
		13D6E6541CBB9C13003669E7 /* Project object */ = {
			isa = PBXProject;
			attributes = {
				LastUpgradeCheck = 0710;
				ORGANIZATIONNAME = wyman;
				TargetAttributes = {
					13D6E65B1CBB9C13003669E7 = {
						CreatedOnToolsVersion = 7.1.1;
					};
					13D6E6741CBB9C14003669E7 = {
						CreatedOnToolsVersion = 7.1.1;
						TestTargetID = 13D6E65B1CBB9C13003669E7;
					};
					13D6E67F1CBB9C14003669E7 = {
						CreatedOnToolsVersion = 7.1.1;
						TestTargetID = 13D6E65B1CBB9C13003669E7;
					};
				};
			};
			buildConfigurationList = 13D6E6571CBB9C13003669E7 /* Build configuration list for PBXProject "WYpoetry" */;
			compatibilityVersion = "Xcode 3.2";
			developmentRegion = English;
			hasScannedForEncodings = 0;
			knownRegions = (
				en,
				Base,
			);
			mainGroup = 13D6E6531CBB9C13003669E7;
			productRefGroup = 13D6E65D1CBB9C13003669E7 /* Products */;
			projectDirPath = "";
			projectRoot = "";
			targets = (
				13D6E65B1CBB9C13003669E7 /* WYpoetry */,
				13D6E6741CBB9C14003669E7 /* WYpoetryTests */,
				13D6E67F1CBB9C14003669E7 /* WYpoetryUITests */,
			);
		};
/* End PBXProject section */

/* Begin PBXResourcesBuildPhase section */
		13D6E65A1CBB9C13003669E7 /* Resources */ = {
			isa = PBXResourcesBuildPhase;
			buildActionMask = 2147483647;
			files = (
				137DE03A1CCF3F1700E71160 /* AppLaunchImage.png in Resources */,
				1360B2EB1CD09CCB00D83203 /* Assets.xcassets in Resources */,
				13D6E66F1CBB9C13003669E7 /* LaunchScreen.storyboard in Resources */,
			);
			runOnlyForDeploymentPostprocessing = 0;
		};
		13D6E6731CBB9C14003669E7 /* Resources */ = {
			isa = PBXResourcesBuildPhase;
			buildActionMask = 2147483647;
			files = (
			);
			runOnlyForDeploymentPostprocessing = 0;
		};
		13D6E67E1CBB9C14003669E7 /* Resources */ = {
			isa = PBXResourcesBuildPhase;
			buildActionMask = 2147483647;
			files = (
			);
			runOnlyForDeploymentPostprocessing = 0;
		};
/* End PBXResourcesBuildPhase section */

/* Begin PBXSourcesBuildPhase section */
		13D6E6581CBB9C13003669E7 /* Sources */ = {
			isa = PBXSourcesBuildPhase;
			buildActionMask = 2147483647;
			files = (
				13DCB3761CDF8983008901AB /* NSObject+WYDatabase.m in Sources */,
				13E5F80E1CD3A7A000BDB4F9 /* WYPoetrySentenceCell.m in Sources */,
				137DE03D1CCF46A400E71160 /* WYHomeViewController.m in Sources */,
				13D8B4D31CD72EA000DE1570 /* WYPoemHUD.m in Sources */,
				137DE0591CCF479400E71160 /* UIView+WY.m in Sources */,
				137DE0531CCF479400E71160 /* NSString+WY.m in Sources */,
				137DE0311CCF37E400E71160 /* AppDelegate.m in Sources */,
				137DE05C1CCF4B8100E71160 /* WYButtomBar.m in Sources */,
				137DE0561CCF479400E71160 /* UIImage+WY.m in Sources */,
				13DE36071CD10AEA000103E5 /* WYMineTableViewController.m in Sources */,
				13D8B4D01CD6E94500DE1570 /* WYOptionButton.m in Sources */,
				137DE0551CCF479400E71160 /* UIColor+WY.m in Sources */,
				13DCB3771CDF8983008901AB /* WYDatabase.m in Sources */,
				13CD39B71CD9C97D0055370A /* WYTableHeadView.m in Sources */,
				13DE36011CD0FD35000103E5 /* WYSettingTableViewController.m in Sources */,
				135039551CD795CF00FBCDA5 /* WYSuccessView.m in Sources */,
				13E5F8111CD3B39400BDB4F9 /* WYPoetryModel.m in Sources */,
				135039581CD7990A00FBCDA5 /* WYFailView.m in Sources */,
				137DE0571CCF479400E71160 /* UIImageView+WY.m in Sources */,
				13DCCA7D1CD5E09D00BF21F9 /* WYConstValue.m in Sources */,
				137DE0581CCF479400E71160 /* UITabBarItem+WY.m in Sources */,
				137DE0521CCF479400E71160 /* NSArray+WY.m in Sources */,
				13D8B4E61CD74A8D00DE1570 /* WYProgressView.m in Sources */,
				13DE36041CD0FEA8000103E5 /* WYBaseNavViewController.m in Sources */,
				137DE0541CCF479400E71160 /* UIBarButtonItem+WY.m in Sources */,
				1369BA481CD09B0E002A7E19 /* WYBaseViewController.m in Sources */,
				137DE0341CCF38CF00E71160 /* main.m in Sources */,
			);
			runOnlyForDeploymentPostprocessing = 0;
		};
		13D6E6711CBB9C14003669E7 /* Sources */ = {
			isa = PBXSourcesBuildPhase;
			buildActionMask = 2147483647;
			files = (
				13D6E67A1CBB9C14003669E7 /* WYpoetryTests.m in Sources */,
			);
			runOnlyForDeploymentPostprocessing = 0;
		};
		13D6E67C1CBB9C14003669E7 /* Sources */ = {
			isa = PBXSourcesBuildPhase;
			buildActionMask = 2147483647;
			files = (
				13D6E6851CBB9C14003669E7 /* WYpoetryUITests.m in Sources */,
			);
			runOnlyForDeploymentPostprocessing = 0;
		};
/* End PBXSourcesBuildPhase section */

/* Begin PBXTargetDependency section */
		13D6E6771CBB9C14003669E7 /* PBXTargetDependency */ = {
			isa = PBXTargetDependency;
			target = 13D6E65B1CBB9C13003669E7 /* WYpoetry */;
			targetProxy = 13D6E6761CBB9C14003669E7 /* PBXContainerItemProxy */;
		};
		13D6E6821CBB9C14003669E7 /* PBXTargetDependency */ = {
			isa = PBXTargetDependency;
			target = 13D6E65B1CBB9C13003669E7 /* WYpoetry */;
			targetProxy = 13D6E6811CBB9C14003669E7 /* PBXContainerItemProxy */;
		};
/* End PBXTargetDependency section */

/* Begin PBXVariantGroup section */
		13D6E66D1CBB9C13003669E7 /* LaunchScreen.storyboard */ = {
			isa = PBXVariantGroup;
			children = (
				13D6E66E1CBB9C13003669E7 /* Base */,
			);
			name = LaunchScreen.storyboard;
			sourceTree = "<group>";
		};
/* End PBXVariantGroup section */

/* Begin XCBuildConfiguration section */
		13D6E6871CBB9C14003669E7 /* Debug */ = {
			isa = XCBuildConfiguration;
			buildSettings = {
				ALWAYS_SEARCH_USER_PATHS = NO;
				CLANG_CXX_LANGUAGE_STANDARD = "gnu++0x";
				CLANG_CXX_LIBRARY = "libc++";
				CLANG_ENABLE_MODULES = YES;
				CLANG_ENABLE_OBJC_ARC = YES;
				CLANG_WARN_BOOL_CONVERSION = YES;
				CLANG_WARN_CONSTANT_CONVERSION = YES;
				CLANG_WARN_DIRECT_OBJC_ISA_USAGE = YES_ERROR;
				CLANG_WARN_EMPTY_BODY = YES;
				CLANG_WARN_ENUM_CONVERSION = YES;
				CLANG_WARN_INT_CONVERSION = YES;
				CLANG_WARN_OBJC_ROOT_CLASS = YES_ERROR;
				CLANG_WARN_UNREACHABLE_CODE = YES;
				CLANG_WARN__DUPLICATE_METHOD_MATCH = YES;
				"CODE_SIGN_IDENTITY[sdk=iphoneos*]" = "iPhone Developer";
				COPY_PHASE_STRIP = NO;
				DEBUG_INFORMATION_FORMAT = dwarf;
				ENABLE_STRICT_OBJC_MSGSEND = YES;
				ENABLE_TESTABILITY = YES;
				GCC_C_LANGUAGE_STANDARD = gnu99;
				GCC_DYNAMIC_NO_PIC = NO;
				GCC_NO_COMMON_BLOCKS = YES;
				GCC_OPTIMIZATION_LEVEL = 0;
				GCC_PREPROCESSOR_DEFINITIONS = (
					"DEBUG=1",
					"$(inherited)",
				);
				GCC_WARN_64_TO_32_BIT_CONVERSION = YES;
				GCC_WARN_ABOUT_RETURN_TYPE = YES_ERROR;
				GCC_WARN_UNDECLARED_SELECTOR = YES;
				GCC_WARN_UNINITIALIZED_AUTOS = YES_AGGRESSIVE;
				GCC_WARN_UNUSED_FUNCTION = YES;
				GCC_WARN_UNUSED_VARIABLE = YES;
				IPHONEOS_DEPLOYMENT_TARGET = 9.1;
				MTL_ENABLE_DEBUG_INFO = YES;
				ONLY_ACTIVE_ARCH = YES;
				SDKROOT = iphoneos;
			};
			name = Debug;
		};
		13D6E6881CBB9C14003669E7 /* Release */ = {
			isa = XCBuildConfiguration;
			buildSettings = {
				ALWAYS_SEARCH_USER_PATHS = NO;
				CLANG_CXX_LANGUAGE_STANDARD = "gnu++0x";
				CLANG_CXX_LIBRARY = "libc++";
				CLANG_ENABLE_MODULES = YES;
				CLANG_ENABLE_OBJC_ARC = YES;
				CLANG_WARN_BOOL_CONVERSION = YES;
				CLANG_WARN_CONSTANT_CONVERSION = YES;
				CLANG_WARN_DIRECT_OBJC_ISA_USAGE = YES_ERROR;
				CLANG_WARN_EMPTY_BODY = YES;
				CLANG_WARN_ENUM_CONVERSION = YES;
				CLANG_WARN_INT_CONVERSION = YES;
				CLANG_WARN_OBJC_ROOT_CLASS = YES_ERROR;
				CLANG_WARN_UNREACHABLE_CODE = YES;
				CLANG_WARN__DUPLICATE_METHOD_MATCH = YES;
				"CODE_SIGN_IDENTITY[sdk=iphoneos*]" = "iPhone Developer";
				COPY_PHASE_STRIP = NO;
				DEBUG_INFORMATION_FORMAT = "dwarf-with-dsym";
				ENABLE_NS_ASSERTIONS = NO;
				ENABLE_STRICT_OBJC_MSGSEND = YES;
				GCC_C_LANGUAGE_STANDARD = gnu99;
				GCC_NO_COMMON_BLOCKS = YES;
				GCC_WARN_64_TO_32_BIT_CONVERSION = YES;
				GCC_WARN_ABOUT_RETURN_TYPE = YES_ERROR;
				GCC_WARN_UNDECLARED_SELECTOR = YES;
				GCC_WARN_UNINITIALIZED_AUTOS = YES_AGGRESSIVE;
				GCC_WARN_UNUSED_FUNCTION = YES;
				GCC_WARN_UNUSED_VARIABLE = YES;
				IPHONEOS_DEPLOYMENT_TARGET = 9.1;
				MTL_ENABLE_DEBUG_INFO = NO;
				SDKROOT = iphoneos;
				VALIDATE_PRODUCT = YES;
			};
			name = Release;
		};
		13D6E68A1CBB9C14003669E7 /* Debug */ = {
			isa = XCBuildConfiguration;
			buildSettings = {
				ASSETCATALOG_COMPILER_APPICON_NAME = AppIcon;
				GCC_PRECOMPILE_PREFIX_HEADER = YES;
				GCC_PREFIX_HEADER = WYpoetry/Classes/Lib/Extension/PrefixHeader.pch;
				INFOPLIST_FILE = WYpoetry/Info.plist;
				IPHONEOS_DEPLOYMENT_TARGET = 7.0;
				LD_RUNPATH_SEARCH_PATHS = "$(inherited) @executable_path/Frameworks";
				PRODUCT_BUNDLE_IDENTIFIER = com.wyman.WYpoetry;
				PRODUCT_NAME = "$(TARGET_NAME)";
			};
			name = Debug;
		};
		13D6E68B1CBB9C14003669E7 /* Release */ = {
			isa = XCBuildConfiguration;
			buildSettings = {
				ASSETCATALOG_COMPILER_APPICON_NAME = AppIcon;
				GCC_PRECOMPILE_PREFIX_HEADER = YES;
				GCC_PREFIX_HEADER = WYpoetry/Classes/Lib/Extension/PrefixHeader.pch;
				INFOPLIST_FILE = WYpoetry/Info.plist;
				IPHONEOS_DEPLOYMENT_TARGET = 7.0;
				LD_RUNPATH_SEARCH_PATHS = "$(inherited) @executable_path/Frameworks";
				PRODUCT_BUNDLE_IDENTIFIER = com.wyman.WYpoetry;
				PRODUCT_NAME = "$(TARGET_NAME)";
			};
			name = Release;
		};
		13D6E68D1CBB9C14003669E7 /* Debug */ = {
			isa = XCBuildConfiguration;
			buildSettings = {
				BUNDLE_LOADER = "$(TEST_HOST)";
				INFOPLIST_FILE = WYpoetryTests/Info.plist;
				LD_RUNPATH_SEARCH_PATHS = "$(inherited) @executable_path/Frameworks @loader_path/Frameworks";
				PRODUCT_BUNDLE_IDENTIFIER = com.wyman.poetry.WYpoetryTests;
				PRODUCT_NAME = "$(TARGET_NAME)";
				TEST_HOST = "$(BUILT_PRODUCTS_DIR)/WYpoetry.app/WYpoetry";
			};
			name = Debug;
		};
		13D6E68E1CBB9C14003669E7 /* Release */ = {
			isa = XCBuildConfiguration;
			buildSettings = {
				BUNDLE_LOADER = "$(TEST_HOST)";
				INFOPLIST_FILE = WYpoetryTests/Info.plist;
				LD_RUNPATH_SEARCH_PATHS = "$(inherited) @executable_path/Frameworks @loader_path/Frameworks";
				PRODUCT_BUNDLE_IDENTIFIER = com.wyman.poetry.WYpoetryTests;
				PRODUCT_NAME = "$(TARGET_NAME)";
				TEST_HOST = "$(BUILT_PRODUCTS_DIR)/WYpoetry.app/WYpoetry";
			};
			name = Release;
		};
		13D6E6901CBB9C14003669E7 /* Debug */ = {
			isa = XCBuildConfiguration;
			buildSettings = {
				INFOPLIST_FILE = WYpoetryUITests/Info.plist;
				LD_RUNPATH_SEARCH_PATHS = "$(inherited) @executable_path/Frameworks @loader_path/Frameworks";
				PRODUCT_BUNDLE_IDENTIFIER = com.wyman.poetry.WYpoetryUITests;
				PRODUCT_NAME = "$(TARGET_NAME)";
				TEST_TARGET_NAME = WYpoetry;
				USES_XCTRUNNER = YES;
			};
			name = Debug;
		};
		13D6E6911CBB9C14003669E7 /* Release */ = {
			isa = XCBuildConfiguration;
			buildSettings = {
				INFOPLIST_FILE = WYpoetryUITests/Info.plist;
				LD_RUNPATH_SEARCH_PATHS = "$(inherited) @executable_path/Frameworks @loader_path/Frameworks";
				PRODUCT_BUNDLE_IDENTIFIER = com.wyman.poetry.WYpoetryUITests;
				PRODUCT_NAME = "$(TARGET_NAME)";
				TEST_TARGET_NAME = WYpoetry;
				USES_XCTRUNNER = YES;
			};
			name = Release;
		};
/* End XCBuildConfiguration section */

/* Begin XCConfigurationList section */
		13D6E6571CBB9C13003669E7 /* Build configuration list for PBXProject "WYpoetry" */ = {
			isa = XCConfigurationList;
			buildConfigurations = (
				13D6E6871CBB9C14003669E7 /* Debug */,
				13D6E6881CBB9C14003669E7 /* Release */,
			);
			defaultConfigurationIsVisible = 0;
			defaultConfigurationName = Release;
		};
		13D6E6891CBB9C14003669E7 /* Build configuration list for PBXNativeTarget "WYpoetry" */ = {
			isa = XCConfigurationList;
			buildConfigurations = (
				13D6E68A1CBB9C14003669E7 /* Debug */,
				13D6E68B1CBB9C14003669E7 /* Release */,
			);
			defaultConfigurationIsVisible = 0;
			defaultConfigurationName = Release;
		};
		13D6E68C1CBB9C14003669E7 /* Build configuration list for PBXNativeTarget "WYpoetryTests" */ = {
			isa = XCConfigurationList;
			buildConfigurations = (
				13D6E68D1CBB9C14003669E7 /* Debug */,
				13D6E68E1CBB9C14003669E7 /* Release */,
			);
			defaultConfigurationIsVisible = 0;
			defaultConfigurationName = Release;
		};
		13D6E68F1CBB9C14003669E7 /* Build configuration list for PBXNativeTarget "WYpoetryUITests" */ = {
			isa = XCConfigurationList;
			buildConfigurations = (
				13D6E6901CBB9C14003669E7 /* Debug */,
				13D6E6911CBB9C14003669E7 /* Release */,
			);
			defaultConfigurationIsVisible = 0;
			defaultConfigurationName = Release;
		};
/* End XCConfigurationList section */
	};
	rootObject = 13D6E6541CBB9C13003669E7 /* Project object */;
}
